
Microsoft Visual Studio Solution File, Format Version 12.00
# Visual Studio Version 17
VisualStudioVersion = 17.13.35806.99 d17.13
MinimumVisualStudioVersion = 10.0.40219.1
Project("{FAE04EC0-301F-11D3-BF4B-00C04F79EFBC}") = "Bogys-Winforms", "Bogys-Winforms\Bogys-Winforms.csproj", "{D7E7669D-9B28-4F22-B0B4-BC890253E632}"
EndProject
Global
	GlobalSection(SolutionConfigurationPlatforms) = preSolution
		Debug|Any CPU = Debug|Any CPU
		Release|Any CPU = Release|Any CPU
	EndGlobalSection
	GlobalSection(ProjectConfigurationPlatforms) = postSolution
		{D7E7669D-9B28-4F22-B0B4-BC890253E632}.Debug|Any CPU.ActiveCfg = Debug|Any CPU
		{D7E7669D-9B28-4F22-B0B4-BC890253E632}.Debug|Any CPU.Build.0 = Debug|Any CPU
		{D7E7669D-9B28-4F22-B0B4-BC890253E632}.Release|Any CPU.ActiveCfg = Release|Any CPU
		{D7E7669D-9B28-4F22-B0B4-BC890253E632}.Release|Any CPU.Build.0 = Release|Any CPU
	EndGlobalSection
	GlobalSection(SolutionProperties) = preSolution
		HideSolutionNode = FALSE
	EndGlobalSection
	GlobalSection(ExtensibilityGlobals) = postSolution
		SolutionGuid = {DC6C365D-3610-49BD-B959-7029E1DF2203}
	EndGlobalSection
EndGlobal
